// !$*UTF8*$!
{
	archiveVersion = 1;
	classes = {
	};
	objectVersion = 50;
	objects = {

/* Begin PBXBuildFile section */
		3553B3EF24B118760005A5AC /* AppDelegate.swift in Sources */ = {isa = PBXBuildFile; fileRef = 3553B3EE24B118760005A5AC /* AppDelegate.swift */; };
		3553B3F124B118760005A5AC /* ContentView.swift in Sources */ = {isa = PBXBuildFile; fileRef = 3553B3F024B118760005A5AC /* ContentView.swift */; };
		3553B3F324B118770005A5AC /* Assets.xcassets in Resources */ = {isa = PBXBuildFile; fileRef = 3553B3F224B118770005A5AC /* Assets.xcassets */; };
		3553B3F624B118770005A5AC /* Preview Assets.xcassets in Resources */ = {isa = PBXBuildFile; fileRef = 3553B3F524B118770005A5AC /* Preview Assets.xcassets */; };
		3553B3F924B118770005A5AC /* Main.storyboard in Resources */ = {isa = PBXBuildFile; fileRef = 3553B3F724B118770005A5AC /* Main.storyboard */; };
		3553B40524B118770005A5AC /* CloneDetectiveTests.swift in Sources */ = {isa = PBXBuildFile; fileRef = 3553B40424B118770005A5AC /* CloneDetectiveTests.swift */; };
/* End PBXBuildFile section */

/* Begin PBXContainerItemProxy section */
		3553B40124B118770005A5AC /* PBXContainerItemProxy */ = {
			isa = PBXContainerItemProxy;
			containerPortal = 3553B3E324B118760005A5AC /* Project object */;
			proxyType = 1;
			remoteGlobalIDString = 3553B3EA24B118760005A5AC;
			remoteInfo = CloneDetective;
		};
/* End PBXContainerItemProxy section */

/* Begin PBXFileReference section */
		3553B3EB24B118760005A5AC /* CloneDetective.app */ = {isa = PBXFileReference; explicitFileType = wrapper.application; includeInIndex = 0; path = CloneDetective.app; sourceTree = BUILT_PRODUCTS_DIR; };
		3553B3EE24B118760005A5AC /* AppDelegate.swift */ = {isa = PBXFileReference; lastKnownFileType = sourcecode.swift; path = AppDelegate.swift; sourceTree = "<group>"; };
		3553B3F024B118760005A5AC /* ContentView.swift */ = {isa = PBXFileReference; lastKnownFileType = sourcecode.swift; path = ContentView.swift; sourceTree = "<group>"; };
		3553B3F224B118770005A5AC /* Assets.xcassets */ = {isa = PBXFileReference; lastKnownFileType = folder.assetcatalog; path = Assets.xcassets; sourceTree = "<group>"; };
		3553B3F524B118770005A5AC /* Preview Assets.xcassets */ = {isa = PBXFileReference; lastKnownFileType = folder.assetcatalog; path = "Preview Assets.xcassets"; sourceTree = "<group>"; };
		3553B3F824B118770005A5AC /* Base */ = {isa = PBXFileReference; lastKnownFileType = file.storyboard; name = Base; path = Base.lproj/Main.storyboard; sourceTree = "<group>"; };
		3553B3FA24B118770005A5AC /* Info.plist */ = {isa = PBXFileReference; lastKnownFileType = text.plist.xml; path = Info.plist; sourceTree = "<group>"; };
		3553B3FB24B118770005A5AC /* CloneDetective.entitlements */ = {isa = PBXFileReference; lastKnownFileType = text.plist.entitlements; path = CloneDetective.entitlements; sourceTree = "<group>"; };
		3553B40024B118770005A5AC /* CloneDetectiveTests.xctest */ = {isa = PBXFileReference; explicitFileType = wrapper.cfbundle; includeInIndex = 0; path = CloneDetectiveTests.xctest; sourceTree = BUILT_PRODUCTS_DIR; };
		3553B40424B118770005A5AC /* CloneDetectiveTests.swift */ = {isa = PBXFileReference; lastKnownFileType = sourcecode.swift; path = CloneDetectiveTests.swift; sourceTree = "<group>"; };
		3553B40624B118770005A5AC /* Info.plist */ = {isa = PBXFileReference; lastKnownFileType = text.plist.xml; path = Info.plist; sourceTree = "<group>"; };
/* End PBXFileReference section */

/* Begin PBXFrameworksBuildPhase section */
		3553B3E824B118760005A5AC /* Frameworks */ = {
			isa = PBXFrameworksBuildPhase;
			buildActionMask = 2147483647;
			files = (
			);
			runOnlyForDeploymentPostprocessing = 0;
		};
		3553B3FD24B118770005A5AC /* Frameworks */ = {
			isa = PBXFrameworksBuildPhase;
			buildActionMask = 2147483647;
			files = (
			);
			runOnlyForDeploymentPostprocessing = 0;
		};
/* End PBXFrameworksBuildPhase section */

/* Begin PBXGroup section */
		3553B3E224B118760005A5AC = {
			isa = PBXGroup;
			children = (
				3553B3ED24B118760005A5AC /* CloneDetective */,
				3553B40324B118770005A5AC /* CloneDetectiveTests */,
				3553B3EC24B118760005A5AC /* Products */,
			);
			sourceTree = "<group>";
		};
		3553B3EC24B118760005A5AC /* Products */ = {
			isa = PBXGroup;
			children = (
				3553B3EB24B118760005A5AC /* CloneDetective.app */,
				3553B40024B118770005A5AC /* CloneDetectiveTests.xctest */,
			);
			name = Products;
			sourceTree = "<group>";
		};
		3553B3ED24B118760005A5AC /* CloneDetective */ = {
			isa = PBXGroup;
			children = (
				3553B3EE24B118760005A5AC /* AppDelegate.swift */,
				3553B3F024B118760005A5AC /* ContentView.swift */,
				3553B3F224B118770005A5AC /* Assets.xcassets */,
				3553B3F724B118770005A5AC /* Main.storyboard */,
				3553B3FA24B118770005A5AC /* Info.plist */,
				3553B3FB24B118770005A5AC /* CloneDetective.entitlements */,
				3553B3F424B118770005A5AC /* Preview Content */,
			);
			path = CloneDetective;
			sourceTree = "<group>";
		};
		3553B3F424B118770005A5AC /* Preview Content */ = {
			isa = PBXGroup;
			children = (
				3553B3F524B118770005A5AC /* Preview Assets.xcassets */,
			);
			path = "Preview Content";
			sourceTree = "<group>";
		};
		3553B40324B118770005A5AC /* CloneDetectiveTests */ = {
			isa = PBXGroup;
			children = (
				3553B40424B118770005A5AC /* CloneDetectiveTests.swift */,
				3553B40624B118770005A5AC /* Info.plist */,
			);
			path = CloneDetectiveTests;
			sourceTree = "<group>";
		};
/* End PBXGroup section */

/* Begin PBXNativeTarget section */
		3553B3EA24B118760005A5AC /* CloneDetective */ = {
			isa = PBXNativeTarget;
			buildConfigurationList = 3553B40924B118770005A5AC /* Build configuration list for PBXNativeTarget "CloneDetective" */;
			buildPhases = (
				3553B3E724B118760005A5AC /* Sources */,
				3553B3E824B118760005A5AC /* Frameworks */,
				3553B3E924B118760005A5AC /* Resources */,
			);
			buildRules = (
			);
			dependencies = (
			);
			name = CloneDetective;
			productName = CloneDetective;
			productReference = 3553B3EB24B118760005A5AC /* CloneDetective.app */;
			productType = "com.apple.product-type.application";
		};
		3553B3FF24B118770005A5AC /* CloneDetectiveTests */ = {
			isa = PBXNativeTarget;
			buildConfigurationList = 3553B40C24B118770005A5AC /* Build configuration list for PBXNativeTarget "CloneDetectiveTests" */;
			buildPhases = (
				3553B3FC24B118770005A5AC /* Sources */,
				3553B3FD24B118770005A5AC /* Frameworks */,
				3553B3FE24B118770005A5AC /* Resources */,
			);
			buildRules = (
			);
			dependencies = (
				3553B40224B118770005A5AC /* PBXTargetDependency */,
			);
			name = CloneDetectiveTests;
			productName = CloneDetectiveTests;
			productReference = 3553B40024B118770005A5AC /* CloneDetectiveTests.xctest */;
			productType = "com.apple.product-type.bundle.unit-test";
		};
/* End PBXNativeTarget section */

/* Begin PBXProject section */
		3553B3E324B118760005A5AC /* Project object */ = {
			isa = PBXProject;
			attributes = {
				LastSwiftUpdateCheck = 1150;
				LastUpgradeCheck = 1150;
				ORGANIZATIONNAME = "john jozwiak";
				TargetAttributes = {
					3553B3EA24B118760005A5AC = {
						CreatedOnToolsVersion = 11.5;
					};
					3553B3FF24B118770005A5AC = {
						CreatedOnToolsVersion = 11.5;
						TestTargetID = 3553B3EA24B118760005A5AC;
					};
				};
			};
			buildConfigurationList = 3553B3E624B118760005A5AC /* Build configuration list for PBXProject "CloneDetective" */;
			compatibilityVersion = "Xcode 9.3";
			developmentRegion = en;
			hasScannedForEncodings = 0;
			knownRegions = (
				en,
				Base,
			);
			mainGroup = 3553B3E224B118760005A5AC;
			productRefGroup = 3553B3EC24B118760005A5AC /* Products */;
			projectDirPath = "";
			projectRoot = "";
			targets = (
				3553B3EA24B118760005A5AC /* CloneDetective */,
				3553B3FF24B118770005A5AC /* CloneDetectiveTests */,
			);
		};
/* End PBXProject section */

/* Begin PBXResourcesBuildPhase section */
		3553B3E924B118760005A5AC /* Resources */ = {
			isa = PBXResourcesBuildPhase;
			buildActionMask = 2147483647;
			files = (
				3553B3F924B118770005A5AC /* Main.storyboard in Resources */,
				3553B3F624B118770005A5AC /* Preview Assets.xcassets in Resources */,
				3553B3F324B118770005A5AC /* Assets.xcassets in Resources */,
			);
			runOnlyForDeploymentPostprocessing = 0;
		};
		3553B3FE24B118770005A5AC /* Resources */ = {
			isa = PBXResourcesBuildPhase;
			buildActionMask = 2147483647;
			files = (
			);
			runOnlyForDeploymentPostprocessing = 0;
		};
/* End PBXResourcesBuildPhase section */

/* Begin PBXSourcesBuildPhase section */
		3553B3E724B118760005A5AC /* Sources */ = {
			isa = PBXSourcesBuildPhase;
			buildActionMask = 2147483647;
			files = (
				3553B3F124B118760005A5AC /* ContentView.swift in Sources */,
				3553B3EF24B118760005A5AC /* AppDelegate.swift in Sources */,
			);
			runOnlyForDeploymentPostprocessing = 0;
		};
		3553B3FC24B118770005A5AC /* Sources */ = {
			isa = PBXSourcesBuildPhase;
			buildActionMask = 2147483647;
			files = (
				3553B40524B118770005A5AC /* CloneDetectiveTests.swift in Sources */,
			);
			runOnlyForDeploymentPostprocessing = 0;
		};
/* End PBXSourcesBuildPhase section */

/* Begin PBXTargetDependency section */
		3553B40224B118770005A5AC /* PBXTargetDependency */ = {
			isa = PBXTargetDependency;
			target = 3553B3EA24B118760005A5AC /* CloneDetective */;
			targetProxy = 3553B40124B118770005A5AC /* PBXContainerItemProxy */;
		};
/* End PBXTargetDependency section */

/* Begin PBXVariantGroup section */
		3553B3F724B118770005A5AC /* Main.storyboard */ = {
			isa = PBXVariantGroup;
			children = (
				3553B3F824B118770005A5AC /* Base */,
			);
			name = Main.storyboard;
			sourceTree = "<group>";
		};
/* End PBXVariantGroup section */

/* Begin XCBuildConfiguration section */
		3553B40724B118770005A5AC /* Debug */ = {
			isa = XCBuildConfiguration;
			buildSettings = {
				ALWAYS_SEARCH_USER_PATHS = NO;
				CLANG_ANALYZER_NONNULL = YES;
				CLANG_ANALYZER_NUMBER_OBJECT_CONVERSION = YES_AGGRESSIVE;
				CLANG_CXX_LANGUAGE_STANDARD = "gnu++14";
				CLANG_CXX_LIBRARY = "libc++";
				CLANG_ENABLE_MODULES = YES;
				CLANG_ENABLE_OBJC_ARC = YES;
				CLANG_ENABLE_OBJC_WEAK = YES;
				CLANG_WARN_BLOCK_CAPTURE_AUTORELEASING = YES;
				CLANG_WARN_BOOL_CONVERSION = YES;
				CLANG_WARN_COMMA = YES;
				CLANG_WARN_CONSTANT_CONVERSION = YES;
				CLANG_WARN_DEPRECATED_OBJC_IMPLEMENTATIONS = YES;
				CLANG_WARN_DIRECT_OBJC_ISA_USAGE = YES_ERROR;
				CLANG_WARN_DOCUMENTATION_COMMENTS = YES;
				CLANG_WARN_EMPTY_BODY = YES;
				CLANG_WARN_ENUM_CONVERSION = YES;
				CLANG_WARN_INFINITE_RECURSION = YES;
				CLANG_WARN_INT_CONVERSION = YES;
				CLANG_WARN_NON_LITERAL_NULL_CONVERSION = YES;
				CLANG_WARN_OBJC_IMPLICIT_RETAIN_SELF = YES;
				CLANG_WARN_OBJC_LITERAL_CONVERSION = YES;
				CLANG_WARN_OBJC_ROOT_CLASS = YES_ERROR;
				CLANG_WARN_RANGE_LOOP_ANALYSIS = YES;
				CLANG_WARN_STRICT_PROTOTYPES = YES;
				CLANG_WARN_SUSPICIOUS_MOVE = YES;
				CLANG_WARN_UNGUARDED_AVAILABILITY = YES_AGGRESSIVE;
				CLANG_WARN_UNREACHABLE_CODE = YES;
				CLANG_WARN__DUPLICATE_METHOD_MATCH = YES;
				COPY_PHASE_STRIP = NO;
				DEBUG_INFORMATION_FORMAT = dwarf;
				ENABLE_STRICT_OBJC_MSGSEND = YES;
				ENABLE_TESTABILITY = YES;
				GCC_C_LANGUAGE_STANDARD = gnu11;
				GCC_DYNAMIC_NO_PIC = NO;
				GCC_NO_COMMON_BLOCKS = YES;
				GCC_OPTIMIZATION_LEVEL = 0;
				GCC_PREPROCESSOR_DEFINITIONS = (
					"DEBUG=1",
					"$(inherited)",
				);
				GCC_WARN_64_TO_32_BIT_CONVERSION = YES;
				GCC_WARN_ABOUT_RETURN_TYPE = YES_ERROR;
				GCC_WARN_UNDECLARED_SELECTOR = YES;
				GCC_WARN_UNINITIALIZED_AUTOS = YES_AGGRESSIVE;
				GCC_WARN_UNUSED_FUNCTION = YES;
				GCC_WARN_UNUSED_VARIABLE = YES;
				MACOSX_DEPLOYMENT_TARGET = 10.15;
				MTL_ENABLE_DEBUG_INFO = INCLUDE_SOURCE;
				MTL_FAST_MATH = YES;
				ONLY_ACTIVE_ARCH = YES;
				SDKROOT = macosx;
				SWIFT_ACTIVE_COMPILATION_CONDITIONS = DEBUG;
				SWIFT_OPTIMIZATION_LEVEL = "-Onone";
			};
			name = Debug;
		};
		3553B40824B118770005A5AC /* Release */ = {
			isa = XCBuildConfiguration;
			buildSettings = {
				ALWAYS_SEARCH_USER_PATHS = NO;
				CLANG_ANALYZER_NONNULL = YES;
				CLANG_ANALYZER_NUMBER_OBJECT_CONVERSION = YES_AGGRESSIVE;
				CLANG_CXX_LANGUAGE_STANDARD = "gnu++14";
				CLANG_CXX_LIBRARY = "libc++";
				CLANG_ENABLE_MODULES = YES;
				CLANG_ENABLE_OBJC_ARC = YES;
				CLANG_ENABLE_OBJC_WEAK = YES;
				CLANG_WARN_BLOCK_CAPTURE_AUTORELEASING = YES;
				CLANG_WARN_BOOL_CONVERSION = YES;
				CLANG_WARN_COMMA = YES;
				CLANG_WARN_CONSTANT_CONVERSION = YES;
				CLANG_WARN_DEPRECATED_OBJC_IMPLEMENTATIONS = YES;
				CLANG_WARN_DIRECT_OBJC_ISA_USAGE = YES_ERROR;
				CLANG_WARN_DOCUMENTATION_COMMENTS = YES;
				CLANG_WARN_EMPTY_BODY = YES;
				CLANG_WARN_ENUM_CONVERSION = YES;
				CLANG_WARN_INFINITE_RECURSION = YES;
				CLANG_WARN_INT_CONVERSION = YES;
				CLANG_WARN_NON_LITERAL_NULL_CONVERSION = YES;
				CLANG_WARN_OBJC_IMPLICIT_RETAIN_SELF = YES;
				CLANG_WARN_OBJC_LITERAL_CONVERSION = YES;
				CLANG_WARN_OBJC_ROOT_CLASS = YES_ERROR;
				CLANG_WARN_RANGE_LOOP_ANALYSIS = YES;
				CLANG_WARN_STRICT_PROTOTYPES = YES;
				CLANG_WARN_SUSPICIOUS_MOVE = YES;
				CLANG_WARN_UNGUARDED_AVAILABILITY = YES_AGGRESSIVE;
				CLANG_WARN_UNREACHABLE_CODE = YES;
				CLANG_WARN__DUPLICATE_METHOD_MATCH = YES;
				COPY_PHASE_STRIP = NO;
				DEBUG_INFORMATION_FORMAT = "dwarf-with-dsym";
				ENABLE_NS_ASSERTIONS = NO;
				ENABLE_STRICT_OBJC_MSGSEND = YES;
				GCC_C_LANGUAGE_STANDARD = gnu11;
				GCC_NO_COMMON_BLOCKS = YES;
				GCC_WARN_64_TO_32_BIT_CONVERSION = YES;
				GCC_WARN_ABOUT_RETURN_TYPE = YES_ERROR;
				GCC_WARN_UNDECLARED_SELECTOR = YES;
				GCC_WARN_UNINITIALIZED_AUTOS = YES_AGGRESSIVE;
				GCC_WARN_UNUSED_FUNCTION = YES;
				GCC_WARN_UNUSED_VARIABLE = YES;
				MACOSX_DEPLOYMENT_TARGET = 10.15;
				MTL_ENABLE_DEBUG_INFO = NO;
				MTL_FAST_MATH = YES;
				SDKROOT = macosx;
				SWIFT_COMPILATION_MODE = wholemodule;
				SWIFT_OPTIMIZATION_LEVEL = "-O";
			};
			name = Release;
		};
		3553B40A24B118770005A5AC /* Debug */ = {
			isa = XCBuildConfiguration;
			buildSettings = {
				ASSETCATALOG_COMPILER_APPICON_NAME = AppIcon;
				CODE_SIGN_ENTITLEMENTS = CloneDetective/CloneDetective.entitlements;
				CODE_SIGN_STYLE = Automatic;
				COMBINE_HIDPI_IMAGES = YES;
				DEVELOPMENT_ASSET_PATHS = "\"CloneDetective/Preview Content\"";
				DEVELOPMENT_TEAM = K8YYRZ8P89;
				ENABLE_HARDENED_RUNTIME = YES;
				ENABLE_PREVIEWS = YES;
				INFOPLIST_FILE = CloneDetective/Info.plist;
				LD_RUNPATH_SEARCH_PATHS = (
					"$(inherited)",
					"@executable_path/../Frameworks",
				);
				MACOSX_DEPLOYMENT_TARGET = 10.15;
				PRODUCT_BUNDLE_IDENTIFIER = johnjoz.CloneDetective;
				PRODUCT_NAME = "$(TARGET_NAME)";
				SWIFT_VERSION = 5.0;
			};
			name = Debug;
		};
		3553B40B24B118770005A5AC /* Release */ = {
			isa = XCBuildConfiguration;
			buildSettings = {
				ASSETCATALOG_COMPILER_APPICON_NAME = AppIcon;
				CODE_SIGN_ENTITLEMENTS = CloneDetective/CloneDetective.entitlements;
				CODE_SIGN_STYLE = Automatic;
				COMBINE_HIDPI_IMAGES = YES;
				DEVELOPMENT_ASSET_PATHS = "\"CloneDetective/Preview Content\"";
				DEVELOPMENT_TEAM = K8YYRZ8P89;
				ENABLE_HARDENED_RUNTIME = YES;
				ENABLE_PREVIEWS = YES;
				INFOPLIST_FILE = CloneDetective/Info.plist;
				LD_RUNPATH_SEARCH_PATHS = (
					"$(inherited)",
					"@executable_path/../Frameworks",
				);
				MACOSX_DEPLOYMENT_TARGET = 10.15;
				PRODUCT_BUNDLE_IDENTIFIER = johnjoz.CloneDetective;
				PRODUCT_NAME = "$(TARGET_NAME)";
				SWIFT_VERSION = 5.0;
			};
			name = Release;
		};
		3553B40D24B118770005A5AC /* Debug */ = {
			isa = XCBuildConfiguration;
			buildSettings = {
				ALWAYS_EMBED_SWIFT_STANDARD_LIBRARIES = YES;
				BUNDLE_LOADER = "$(TEST_HOST)";
				CODE_SIGN_STYLE = Automatic;
				COMBINE_HIDPI_IMAGES = YES;
				DEVELOPMENT_TEAM = K8YYRZ8P89;
				INFOPLIST_FILE = CloneDetectiveTests/Info.plist;
				LD_RUNPATH_SEARCH_PATHS = (
					"$(inherited)",
					"@executable_path/../Frameworks",
					"@loader_path/../Frameworks",
				);
				MACOSX_DEPLOYMENT_TARGET = 10.15;
				PRODUCT_BUNDLE_IDENTIFIER = johnjoz.CloneDetectiveTests;
				PRODUCT_NAME = "$(TARGET_NAME)";
				SWIFT_VERSION = 5.0;
				TEST_HOST = "$(BUILT_PRODUCTS_DIR)/CloneDetective.app/Contents/MacOS/CloneDetective";
			};
			name = Debug;
		};
		3553B40E24B118770005A5AC /* Release */ = {
			isa = XCBuildConfiguration;
			buildSettings = {
				ALWAYS_EMBED_SWIFT_STANDARD_LIBRARIES = YES;
				BUNDLE_LOADER = "$(TEST_HOST)";
				CODE_SIGN_STYLE = Automatic;
				COMBINE_HIDPI_IMAGES = YES;
				DEVELOPMENT_TEAM = K8YYRZ8P89;
				INFOPLIST_FILE = CloneDetectiveTests/Info.plist;
				LD_RUNPATH_SEARCH_PATHS = (
					"$(inherited)",
					"@executable_path/../Frameworks",
					"@loader_path/../Frameworks",
				);
				MACOSX_DEPLOYMENT_TARGET = 10.15;
				PRODUCT_BUNDLE_IDENTIFIER = johnjoz.CloneDetectiveTests;
				PRODUCT_NAME = "$(TARGET_NAME)";
				SWIFT_VERSION = 5.0;
				TEST_HOST = "$(BUILT_PRODUCTS_DIR)/CloneDetective.app/Contents/MacOS/CloneDetective";
			};
			name = Release;
		};
/* End XCBuildConfiguration section */

/* Begin XCConfigurationList section */
		3553B3E624B118760005A5AC /* Build configuration list for PBXProject "CloneDetective" */ = {
			isa = XCConfigurationList;
			buildConfigurations = (
				3553B40724B118770005A5AC /* Debug */,
				3553B40824B118770005A5AC /* Release */,
			);
			defaultConfigurationIsVisible = 0;
			defaultConfigurationName = Release;
		};
		3553B40924B118770005A5AC /* Build configuration list for PBXNativeTarget "CloneDetective" */ = {
			isa = XCConfigurationList;
			buildConfigurations = (
				3553B40A24B118770005A5AC /* Debug */,
				3553B40B24B118770005A5AC /* Release */,
			);
			defaultConfigurationIsVisible = 0;
			defaultConfigurationName = Release;
		};
		3553B40C24B118770005A5AC /* Build configuration list for PBXNativeTarget "CloneDetectiveTests" */ = {
			isa = XCConfigurationList;
			buildConfigurations = (
				3553B40D24B118770005A5AC /* Debug */,
				3553B40E24B118770005A5AC /* Release */,
			);
			defaultConfigurationIsVisible = 0;
			defaultConfigurationName = Release;
		};
/* End XCConfigurationList section */
	};
	rootObject = 3553B3E324B118760005A5AC /* Project object */;
}
