// !$*UTF8*$!
{
	archiveVersion = 1;
	classes = {
	};
	objectVersion = 50;
	objects = {

/* Begin PBXBuildFile section */
		3553B3BB24ABE50E0005A5AC /* AppDelegate.swift in Sources */ = {isa = PBXBuildFile; fileRef = 3553B3BA24ABE50E0005A5AC /* AppDelegate.swift */; };
		3553B3BD24ABE50E0005A5AC /* SceneDelegate.swift in Sources */ = {isa = PBXBuildFile; fileRef = 3553B3BC24ABE50E0005A5AC /* SceneDelegate.swift */; };
		3553B3BF24ABE50E0005A5AC /* ContentView.swift in Sources */ = {isa = PBXBuildFile; fileRef = 3553B3BE24ABE50E0005A5AC /* ContentView.swift */; };
		3553B3C124ABE50F0005A5AC /* Assets.xcassets in Resources */ = {isa = PBXBuildFile; fileRef = 3553B3C024ABE50F0005A5AC /* Assets.xcassets */; };
		3553B3C424ABE50F0005A5AC /* Preview Assets.xcassets in Resources */ = {isa = PBXBuildFile; fileRef = 3553B3C324ABE50F0005A5AC /* Preview Assets.xcassets */; };
		3553B3C724ABE50F0005A5AC /* LaunchScreen.storyboard in Resources */ = {isa = PBXBuildFile; fileRef = 3553B3C524ABE50F0005A5AC /* LaunchScreen.storyboard */; };
		3553B3D224ABE50F0005A5AC /* StatsTinkeringTests.swift in Sources */ = {isa = PBXBuildFile; fileRef = 3553B3D124ABE50F0005A5AC /* StatsTinkeringTests.swift */; };
		3553B3DD24ABEB150005A5AC /* SampleDataset.csv in Resources */ = {isa = PBXBuildFile; fileRef = 3553B3DC24ABEB150005A5AC /* SampleDataset.csv */; };
		3553B3DE24ABEB150005A5AC /* SampleDataset.csv in Resources */ = {isa = PBXBuildFile; fileRef = 3553B3DC24ABEB150005A5AC /* SampleDataset.csv */; };
		3553B3E024ACF44D0005A5AC /* Homework.swift in Sources */ = {isa = PBXBuildFile; fileRef = 3553B3DF24ACF44D0005A5AC /* Homework.swift */; };
		3553B3E124ACF44D0005A5AC /* Homework.swift in Sources */ = {isa = PBXBuildFile; fileRef = 3553B3DF24ACF44D0005A5AC /* Homework.swift */; };
/* End PBXBuildFile section */

/* Begin PBXContainerItemProxy section */
		3553B3CE24ABE50F0005A5AC /* PBXContainerItemProxy */ = {
			isa = PBXContainerItemProxy;
			containerPortal = 3553B3AF24ABE50E0005A5AC /* Project object */;
			proxyType = 1;
			remoteGlobalIDString = 3553B3B624ABE50E0005A5AC;
			remoteInfo = StatsTinkering;
		};
/* End PBXContainerItemProxy section */

/* Begin PBXFileReference section */
		3553B3B724ABE50E0005A5AC /* StatsTinkering.app */ = {isa = PBXFileReference; explicitFileType = wrapper.application; includeInIndex = 0; path = StatsTinkering.app; sourceTree = BUILT_PRODUCTS_DIR; };
		3553B3BA24ABE50E0005A5AC /* AppDelegate.swift */ = {isa = PBXFileReference; lastKnownFileType = sourcecode.swift; path = AppDelegate.swift; sourceTree = "<group>"; };
		3553B3BC24ABE50E0005A5AC /* SceneDelegate.swift */ = {isa = PBXFileReference; lastKnownFileType = sourcecode.swift; path = SceneDelegate.swift; sourceTree = "<group>"; };
		3553B3BE24ABE50E0005A5AC /* ContentView.swift */ = {isa = PBXFileReference; lastKnownFileType = sourcecode.swift; path = ContentView.swift; sourceTree = "<group>"; };
		3553B3C024ABE50F0005A5AC /* Assets.xcassets */ = {isa = PBXFileReference; lastKnownFileType = folder.assetcatalog; path = Assets.xcassets; sourceTree = "<group>"; };
		3553B3C324ABE50F0005A5AC /* Preview Assets.xcassets */ = {isa = PBXFileReference; lastKnownFileType = folder.assetcatalog; path = "Preview Assets.xcassets"; sourceTree = "<group>"; };
		3553B3C624ABE50F0005A5AC /* Base */ = {isa = PBXFileReference; lastKnownFileType = file.storyboard; name = Base; path = Base.lproj/LaunchScreen.storyboard; sourceTree = "<group>"; };
		3553B3C824ABE50F0005A5AC /* Info.plist */ = {isa = PBXFileReference; lastKnownFileType = text.plist.xml; path = Info.plist; sourceTree = "<group>"; };
		3553B3CD24ABE50F0005A5AC /* StatsTinkeringTests.xctest */ = {isa = PBXFileReference; explicitFileType = wrapper.cfbundle; includeInIndex = 0; path = StatsTinkeringTests.xctest; sourceTree = BUILT_PRODUCTS_DIR; };
		3553B3D124ABE50F0005A5AC /* StatsTinkeringTests.swift */ = {isa = PBXFileReference; lastKnownFileType = sourcecode.swift; path = StatsTinkeringTests.swift; sourceTree = "<group>"; };
		3553B3D324ABE50F0005A5AC /* Info.plist */ = {isa = PBXFileReference; lastKnownFileType = text.plist.xml; path = Info.plist; sourceTree = "<group>"; };
		3553B3DC24ABEB150005A5AC /* SampleDataset.csv */ = {isa = PBXFileReference; fileEncoding = 4; lastKnownFileType = text; path = SampleDataset.csv; sourceTree = "<group>"; };
		3553B3DF24ACF44D0005A5AC /* Homework.swift */ = {isa = PBXFileReference; lastKnownFileType = sourcecode.swift; path = Homework.swift; sourceTree = "<group>"; };
/* End PBXFileReference section */

/* Begin PBXFrameworksBuildPhase section */
		3553B3B424ABE50E0005A5AC /* Frameworks */ = {
			isa = PBXFrameworksBuildPhase;
			buildActionMask = 2147483647;
			files = (
			);
			runOnlyForDeploymentPostprocessing = 0;
		};
		3553B3CA24ABE50F0005A5AC /* Frameworks */ = {
			isa = PBXFrameworksBuildPhase;
			buildActionMask = 2147483647;
			files = (
			);
			runOnlyForDeploymentPostprocessing = 0;
		};
/* End PBXFrameworksBuildPhase section */

/* Begin PBXGroup section */
		3553B3AE24ABE50E0005A5AC = {
			isa = PBXGroup;
			children = (
				3553B3B924ABE50E0005A5AC /* StatsTinkering */,
				3553B3D024ABE50F0005A5AC /* StatsTinkeringTests */,
				3553B3B824ABE50E0005A5AC /* Products */,
			);
			sourceTree = "<group>";
		};
		3553B3B824ABE50E0005A5AC /* Products */ = {
			isa = PBXGroup;
			children = (
				3553B3B724ABE50E0005A5AC /* StatsTinkering.app */,
				3553B3CD24ABE50F0005A5AC /* StatsTinkeringTests.xctest */,
			);
			name = Products;
			sourceTree = "<group>";
		};
		3553B3B924ABE50E0005A5AC /* StatsTinkering */ = {
			isa = PBXGroup;
			children = (
				3553B3BA24ABE50E0005A5AC /* AppDelegate.swift */,
				3553B3BC24ABE50E0005A5AC /* SceneDelegate.swift */,
				3553B3BE24ABE50E0005A5AC /* ContentView.swift */,
				3553B3DC24ABEB150005A5AC /* SampleDataset.csv */,
				3553B3C024ABE50F0005A5AC /* Assets.xcassets */,
				3553B3C524ABE50F0005A5AC /* LaunchScreen.storyboard */,
				3553B3C824ABE50F0005A5AC /* Info.plist */,
				3553B3C224ABE50F0005A5AC /* Preview Content */,
				3553B3DF24ACF44D0005A5AC /* Homework.swift */,
			);
			path = StatsTinkering;
			sourceTree = "<group>";
		};
		3553B3C224ABE50F0005A5AC /* Preview Content */ = {
			isa = PBXGroup;
			children = (
				3553B3C324ABE50F0005A5AC /* Preview Assets.xcassets */,
			);
			path = "Preview Content";
			sourceTree = "<group>";
		};
		3553B3D024ABE50F0005A5AC /* StatsTinkeringTests */ = {
			isa = PBXGroup;
			children = (
				3553B3D124ABE50F0005A5AC /* StatsTinkeringTests.swift */,
				3553B3D324ABE50F0005A5AC /* Info.plist */,
			);
			path = StatsTinkeringTests;
			sourceTree = "<group>";
		};
/* End PBXGroup section */

/* Begin PBXNativeTarget section */
		3553B3B624ABE50E0005A5AC /* StatsTinkering */ = {
			isa = PBXNativeTarget;
			buildConfigurationList = 3553B3D624ABE50F0005A5AC /* Build configuration list for PBXNativeTarget "StatsTinkering" */;
			buildPhases = (
				3553B3B324ABE50E0005A5AC /* Sources */,
				3553B3B424ABE50E0005A5AC /* Frameworks */,
				3553B3B524ABE50E0005A5AC /* Resources */,
			);
			buildRules = (
			);
			dependencies = (
			);
			name = StatsTinkering;
			productName = StatsTinkering;
			productReference = 3553B3B724ABE50E0005A5AC /* StatsTinkering.app */;
			productType = "com.apple.product-type.application";
		};
		3553B3CC24ABE50F0005A5AC /* StatsTinkeringTests */ = {
			isa = PBXNativeTarget;
			buildConfigurationList = 3553B3D924ABE50F0005A5AC /* Build configuration list for PBXNativeTarget "StatsTinkeringTests" */;
			buildPhases = (
				3553B3C924ABE50F0005A5AC /* Sources */,
				3553B3CA24ABE50F0005A5AC /* Frameworks */,
				3553B3CB24ABE50F0005A5AC /* Resources */,
			);
			buildRules = (
			);
			dependencies = (
				3553B3CF24ABE50F0005A5AC /* PBXTargetDependency */,
			);
			name = StatsTinkeringTests;
			productName = StatsTinkeringTests;
			productReference = 3553B3CD24ABE50F0005A5AC /* StatsTinkeringTests.xctest */;
			productType = "com.apple.product-type.bundle.unit-test";
		};
/* End PBXNativeTarget section */

/* Begin PBXProject section */
		3553B3AF24ABE50E0005A5AC /* Project object */ = {
			isa = PBXProject;
			attributes = {
				LastSwiftUpdateCheck = 1150;
				LastUpgradeCheck = 1150;
				ORGANIZATIONNAME = "john jozwiak";
				TargetAttributes = {
					3553B3B624ABE50E0005A5AC = {
						CreatedOnToolsVersion = 11.5;
					};
					3553B3CC24ABE50F0005A5AC = {
						CreatedOnToolsVersion = 11.5;
						TestTargetID = 3553B3B624ABE50E0005A5AC;
					};
				};
			};
			buildConfigurationList = 3553B3B224ABE50E0005A5AC /* Build configuration list for PBXProject "StatsTinkering" */;
			compatibilityVersion = "Xcode 9.3";
			developmentRegion = en;
			hasScannedForEncodings = 0;
			knownRegions = (
				en,
				Base,
			);
			mainGroup = 3553B3AE24ABE50E0005A5AC;
			productRefGroup = 3553B3B824ABE50E0005A5AC /* Products */;
			projectDirPath = "";
			projectRoot = "";
			targets = (
				3553B3B624ABE50E0005A5AC /* StatsTinkering */,
				3553B3CC24ABE50F0005A5AC /* StatsTinkeringTests */,
			);
		};
/* End PBXProject section */

/* Begin PBXResourcesBuildPhase section */
		3553B3B524ABE50E0005A5AC /* Resources */ = {
			isa = PBXResourcesBuildPhase;
			buildActionMask = 2147483647;
			files = (
				3553B3C724ABE50F0005A5AC /* LaunchScreen.storyboard in Resources */,
				3553B3C424ABE50F0005A5AC /* Preview Assets.xcassets in Resources */,
				3553B3C124ABE50F0005A5AC /* Assets.xcassets in Resources */,
				3553B3DD24ABEB150005A5AC /* SampleDataset.csv in Resources */,
			);
			runOnlyForDeploymentPostprocessing = 0;
		};
		3553B3CB24ABE50F0005A5AC /* Resources */ = {
			isa = PBXResourcesBuildPhase;
			buildActionMask = 2147483647;
			files = (
				3553B3DE24ABEB150005A5AC /* SampleDataset.csv in Resources */,
			);
			runOnlyForDeploymentPostprocessing = 0;
		};
/* End PBXResourcesBuildPhase section */

/* Begin PBXSourcesBuildPhase section */
		3553B3B324ABE50E0005A5AC /* Sources */ = {
			isa = PBXSourcesBuildPhase;
			buildActionMask = 2147483647;
			files = (
				3553B3BB24ABE50E0005A5AC /* AppDelegate.swift in Sources */,
				3553B3E024ACF44D0005A5AC /* Homework.swift in Sources */,
				3553B3BD24ABE50E0005A5AC /* SceneDelegate.swift in Sources */,
				3553B3BF24ABE50E0005A5AC /* ContentView.swift in Sources */,
			);
			runOnlyForDeploymentPostprocessing = 0;
		};
		3553B3C924ABE50F0005A5AC /* Sources */ = {
			isa = PBXSourcesBuildPhase;
			buildActionMask = 2147483647;
			files = (
				3553B3D224ABE50F0005A5AC /* StatsTinkeringTests.swift in Sources */,
				3553B3E124ACF44D0005A5AC /* Homework.swift in Sources */,
			);
			runOnlyForDeploymentPostprocessing = 0;
		};
/* End PBXSourcesBuildPhase section */

/* Begin PBXTargetDependency section */
		3553B3CF24ABE50F0005A5AC /* PBXTargetDependency */ = {
			isa = PBXTargetDependency;
			target = 3553B3B624ABE50E0005A5AC /* StatsTinkering */;
			targetProxy = 3553B3CE24ABE50F0005A5AC /* PBXContainerItemProxy */;
		};
/* End PBXTargetDependency section */

/* Begin PBXVariantGroup section */
		3553B3C524ABE50F0005A5AC /* LaunchScreen.storyboard */ = {
			isa = PBXVariantGroup;
			children = (
				3553B3C624ABE50F0005A5AC /* Base */,
			);
			name = LaunchScreen.storyboard;
			sourceTree = "<group>";
		};
/* End PBXVariantGroup section */

/* Begin XCBuildConfiguration section */
		3553B3D424ABE50F0005A5AC /* Debug */ = {
			isa = XCBuildConfiguration;
			buildSettings = {
				ALWAYS_SEARCH_USER_PATHS = NO;
				CLANG_ANALYZER_NONNULL = YES;
				CLANG_ANALYZER_NUMBER_OBJECT_CONVERSION = YES_AGGRESSIVE;
				CLANG_CXX_LANGUAGE_STANDARD = "gnu++14";
				CLANG_CXX_LIBRARY = "libc++";
				CLANG_ENABLE_MODULES = YES;
				CLANG_ENABLE_OBJC_ARC = YES;
				CLANG_ENABLE_OBJC_WEAK = YES;
				CLANG_WARN_BLOCK_CAPTURE_AUTORELEASING = YES;
				CLANG_WARN_BOOL_CONVERSION = YES;
				CLANG_WARN_COMMA = YES;
				CLANG_WARN_CONSTANT_CONVERSION = YES;
				CLANG_WARN_DEPRECATED_OBJC_IMPLEMENTATIONS = YES;
				CLANG_WARN_DIRECT_OBJC_ISA_USAGE = YES_ERROR;
				CLANG_WARN_DOCUMENTATION_COMMENTS = YES;
				CLANG_WARN_EMPTY_BODY = YES;
				CLANG_WARN_ENUM_CONVERSION = YES;
				CLANG_WARN_INFINITE_RECURSION = YES;
				CLANG_WARN_INT_CONVERSION = YES;
				CLANG_WARN_NON_LITERAL_NULL_CONVERSION = YES;
				CLANG_WARN_OBJC_IMPLICIT_RETAIN_SELF = YES;
				CLANG_WARN_OBJC_LITERAL_CONVERSION = YES;
				CLANG_WARN_OBJC_ROOT_CLASS = YES_ERROR;
				CLANG_WARN_RANGE_LOOP_ANALYSIS = YES;
				CLANG_WARN_STRICT_PROTOTYPES = YES;
				CLANG_WARN_SUSPICIOUS_MOVE = YES;
				CLANG_WARN_UNGUARDED_AVAILABILITY = YES_AGGRESSIVE;
				CLANG_WARN_UNREACHABLE_CODE = YES;
				CLANG_WARN__DUPLICATE_METHOD_MATCH = YES;
				COPY_PHASE_STRIP = NO;
				DEBUG_INFORMATION_FORMAT = dwarf;
				ENABLE_STRICT_OBJC_MSGSEND = YES;
				ENABLE_TESTABILITY = YES;
				GCC_C_LANGUAGE_STANDARD = gnu11;
				GCC_DYNAMIC_NO_PIC = NO;
				GCC_NO_COMMON_BLOCKS = YES;
				GCC_OPTIMIZATION_LEVEL = 0;
				GCC_PREPROCESSOR_DEFINITIONS = (
					"DEBUG=1",
					"$(inherited)",
				);
				GCC_WARN_64_TO_32_BIT_CONVERSION = YES;
				GCC_WARN_ABOUT_RETURN_TYPE = YES_ERROR;
				GCC_WARN_UNDECLARED_SELECTOR = YES;
				GCC_WARN_UNINITIALIZED_AUTOS = YES_AGGRESSIVE;
				GCC_WARN_UNUSED_FUNCTION = YES;
				GCC_WARN_UNUSED_VARIABLE = YES;
				IPHONEOS_DEPLOYMENT_TARGET = 13.5;
				MTL_ENABLE_DEBUG_INFO = INCLUDE_SOURCE;
				MTL_FAST_MATH = YES;
				ONLY_ACTIVE_ARCH = YES;
				SDKROOT = iphoneos;
				SWIFT_ACTIVE_COMPILATION_CONDITIONS = DEBUG;
				SWIFT_OPTIMIZATION_LEVEL = "-Onone";
			};
			name = Debug;
		};
		3553B3D524ABE50F0005A5AC /* Release */ = {
			isa = XCBuildConfiguration;
			buildSettings = {
				ALWAYS_SEARCH_USER_PATHS = NO;
				CLANG_ANALYZER_NONNULL = YES;
				CLANG_ANALYZER_NUMBER_OBJECT_CONVERSION = YES_AGGRESSIVE;
				CLANG_CXX_LANGUAGE_STANDARD = "gnu++14";
				CLANG_CXX_LIBRARY = "libc++";
				CLANG_ENABLE_MODULES = YES;
				CLANG_ENABLE_OBJC_ARC = YES;
				CLANG_ENABLE_OBJC_WEAK = YES;
				CLANG_WARN_BLOCK_CAPTURE_AUTORELEASING = YES;
				CLANG_WARN_BOOL_CONVERSION = YES;
				CLANG_WARN_COMMA = YES;
				CLANG_WARN_CONSTANT_CONVERSION = YES;
				CLANG_WARN_DEPRECATED_OBJC_IMPLEMENTATIONS = YES;
				CLANG_WARN_DIRECT_OBJC_ISA_USAGE = YES_ERROR;
				CLANG_WARN_DOCUMENTATION_COMMENTS = YES;
				CLANG_WARN_EMPTY_BODY = YES;
				CLANG_WARN_ENUM_CONVERSION = YES;
				CLANG_WARN_INFINITE_RECURSION = YES;
				CLANG_WARN_INT_CONVERSION = YES;
				CLANG_WARN_NON_LITERAL_NULL_CONVERSION = YES;
				CLANG_WARN_OBJC_IMPLICIT_RETAIN_SELF = YES;
				CLANG_WARN_OBJC_LITERAL_CONVERSION = YES;
				CLANG_WARN_OBJC_ROOT_CLASS = YES_ERROR;
				CLANG_WARN_RANGE_LOOP_ANALYSIS = YES;
				CLANG_WARN_STRICT_PROTOTYPES = YES;
				CLANG_WARN_SUSPICIOUS_MOVE = YES;
				CLANG_WARN_UNGUARDED_AVAILABILITY = YES_AGGRESSIVE;
				CLANG_WARN_UNREACHABLE_CODE = YES;
				CLANG_WARN__DUPLICATE_METHOD_MATCH = YES;
				COPY_PHASE_STRIP = NO;
				DEBUG_INFORMATION_FORMAT = "dwarf-with-dsym";
				ENABLE_NS_ASSERTIONS = NO;
				ENABLE_STRICT_OBJC_MSGSEND = YES;
				GCC_C_LANGUAGE_STANDARD = gnu11;
				GCC_NO_COMMON_BLOCKS = YES;
				GCC_WARN_64_TO_32_BIT_CONVERSION = YES;
				GCC_WARN_ABOUT_RETURN_TYPE = YES_ERROR;
				GCC_WARN_UNDECLARED_SELECTOR = YES;
				GCC_WARN_UNINITIALIZED_AUTOS = YES_AGGRESSIVE;
				GCC_WARN_UNUSED_FUNCTION = YES;
				GCC_WARN_UNUSED_VARIABLE = YES;
				IPHONEOS_DEPLOYMENT_TARGET = 13.5;
				MTL_ENABLE_DEBUG_INFO = NO;
				MTL_FAST_MATH = YES;
				SDKROOT = iphoneos;
				SWIFT_COMPILATION_MODE = wholemodule;
				SWIFT_OPTIMIZATION_LEVEL = "-O";
				VALIDATE_PRODUCT = YES;
			};
			name = Release;
		};
		3553B3D724ABE50F0005A5AC /* Debug */ = {
			isa = XCBuildConfiguration;
			buildSettings = {
				ASSETCATALOG_COMPILER_APPICON_NAME = AppIcon;
				CODE_SIGN_STYLE = Automatic;
				DEVELOPMENT_ASSET_PATHS = "\"StatsTinkering/Preview Content\"";
				DEVELOPMENT_TEAM = K8YYRZ8P89;
				ENABLE_PREVIEWS = YES;
				INFOPLIST_FILE = StatsTinkering/Info.plist;
				LD_RUNPATH_SEARCH_PATHS = (
					"$(inherited)",
					"@executable_path/Frameworks",
				);
				PRODUCT_BUNDLE_IDENTIFIER = johnjoz.StatsTinkering;
				PRODUCT_NAME = "$(TARGET_NAME)";
				SWIFT_VERSION = 5.0;
				TARGETED_DEVICE_FAMILY = "1,2";
			};
			name = Debug;
		};
		3553B3D824ABE50F0005A5AC /* Release */ = {
			isa = XCBuildConfiguration;
			buildSettings = {
				ASSETCATALOG_COMPILER_APPICON_NAME = AppIcon;
				CODE_SIGN_STYLE = Automatic;
				DEVELOPMENT_ASSET_PATHS = "\"StatsTinkering/Preview Content\"";
				DEVELOPMENT_TEAM = K8YYRZ8P89;
				ENABLE_PREVIEWS = YES;
				INFOPLIST_FILE = StatsTinkering/Info.plist;
				LD_RUNPATH_SEARCH_PATHS = (
					"$(inherited)",
					"@executable_path/Frameworks",
				);
				PRODUCT_BUNDLE_IDENTIFIER = johnjoz.StatsTinkering;
				PRODUCT_NAME = "$(TARGET_NAME)";
				SWIFT_VERSION = 5.0;
				TARGETED_DEVICE_FAMILY = "1,2";
			};
			name = Release;
		};
		3553B3DA24ABE50F0005A5AC /* Debug */ = {
			isa = XCBuildConfiguration;
			buildSettings = {
				ALWAYS_EMBED_SWIFT_STANDARD_LIBRARIES = YES;
				BUNDLE_LOADER = "$(TEST_HOST)";
				CODE_SIGN_STYLE = Automatic;
				DEVELOPMENT_TEAM = K8YYRZ8P89;
				INFOPLIST_FILE = StatsTinkeringTests/Info.plist;
				IPHONEOS_DEPLOYMENT_TARGET = 13.5;
				LD_RUNPATH_SEARCH_PATHS = (
					"$(inherited)",
					"@executable_path/Frameworks",
					"@loader_path/Frameworks",
				);
				PRODUCT_BUNDLE_IDENTIFIER = johnjoz.StatsTinkeringTests;
				PRODUCT_NAME = "$(TARGET_NAME)";
				SWIFT_VERSION = 5.0;
				TARGETED_DEVICE_FAMILY = "1,2";
				TEST_HOST = "$(BUILT_PRODUCTS_DIR)/StatsTinkering.app/StatsTinkering";
			};
			name = Debug;
		};
		3553B3DB24ABE50F0005A5AC /* Release */ = {
			isa = XCBuildConfiguration;
			buildSettings = {
				ALWAYS_EMBED_SWIFT_STANDARD_LIBRARIES = YES;
				BUNDLE_LOADER = "$(TEST_HOST)";
				CODE_SIGN_STYLE = Automatic;
				DEVELOPMENT_TEAM = K8YYRZ8P89;
				INFOPLIST_FILE = StatsTinkeringTests/Info.plist;
				IPHONEOS_DEPLOYMENT_TARGET = 13.5;
				LD_RUNPATH_SEARCH_PATHS = (
					"$(inherited)",
					"@executable_path/Frameworks",
					"@loader_path/Frameworks",
				);
				PRODUCT_BUNDLE_IDENTIFIER = johnjoz.StatsTinkeringTests;
				PRODUCT_NAME = "$(TARGET_NAME)";
				SWIFT_VERSION = 5.0;
				TARGETED_DEVICE_FAMILY = "1,2";
				TEST_HOST = "$(BUILT_PRODUCTS_DIR)/StatsTinkering.app/StatsTinkering";
			};
			name = Release;
		};
/* End XCBuildConfiguration section */

/* Begin XCConfigurationList section */
		3553B3B224ABE50E0005A5AC /* Build configuration list for PBXProject "StatsTinkering" */ = {
			isa = XCConfigurationList;
			buildConfigurations = (
				3553B3D424ABE50F0005A5AC /* Debug */,
				3553B3D524ABE50F0005A5AC /* Release */,
			);
			defaultConfigurationIsVisible = 0;
			defaultConfigurationName = Release;
		};
		3553B3D624ABE50F0005A5AC /* Build configuration list for PBXNativeTarget "StatsTinkering" */ = {
			isa = XCConfigurationList;
			buildConfigurations = (
				3553B3D724ABE50F0005A5AC /* Debug */,
				3553B3D824ABE50F0005A5AC /* Release */,
			);
			defaultConfigurationIsVisible = 0;
			defaultConfigurationName = Release;
		};
		3553B3D924ABE50F0005A5AC /* Build configuration list for PBXNativeTarget "StatsTinkeringTests" */ = {
			isa = XCConfigurationList;
			buildConfigurations = (
				3553B3DA24ABE50F0005A5AC /* Debug */,
				3553B3DB24ABE50F0005A5AC /* Release */,
			);
			defaultConfigurationIsVisible = 0;
			defaultConfigurationName = Release;
		};
/* End XCConfigurationList section */
	};
	rootObject = 3553B3AF24ABE50E0005A5AC /* Project object */;
}
